{
  "name": "txdistricts",
  "lockfileVersion": 2,
  "requires": true,
  "packages": {
    "": {
      "dependencies": {
        "topojson-server": "^3.0.1",
        "us-atlas": "^3.0.0"
      }
    },
    "node_modules/topojson-server": {
      "version": "3.0.1",
      "resolved": "https://registry.npmjs.org/topojson-server/-/topojson-server-3.0.1.tgz",
      "integrity": "sha512-/VS9j/ffKr2XAOjlZ9CgyyeLmgJ9dMwq6Y0YEON8O7p/tGGk+dCWnrE03zEdu7i4L7YsFZLEPZPzCvcB7lEEXw==",
      "dependencies": {
        "commander": "2"
      },
      "bin": {
        "geo2topo": "bin/geo2topo"
      }
    },
    "node_modules/topojson-server/node_modules/commander": {
      "version": "2.20.3",
      "resolved": "https://registry.npmjs.org/commander/-/commander-2.20.3.tgz",
      "integrity": "sha512-GpVkmM8vF2vQUkj2LvZmD35JxeJOLCwJ9cUkugyk2nuhbv3+mJvpLYYt+0+USMxE+oj+ey/lJEnhZw75x/OMcQ=="
    },
    "node_modules/us-atlas": {
      "version": "3.0.0",
      "resolved": "https://registry.npmjs.org/us-atlas/-/us-atlas-3.0.0.tgz",
      "integrity": "sha512-cqvwK7Tdt8PZxhf5Nq5uenoHg/6cYWP3GFJocwDY01IszUC5HgwkODNKKXNWj1o24LFGK5ZgALqlcHK2R5EHwQ=="
    }
  },
  "dependencies": {
    "topojson-server": {
      "version": "3.0.1",
      "resolved": "https://registry.npmjs.org/topojson-server/-/topojson-server-3.0.1.tgz",
      "integrity": "sha512-/VS9j/ffKr2XAOjlZ9CgyyeLmgJ9dMwq6Y0YEON8O7p/tGGk+dCWnrE03zEdu7i4L7YsFZLEPZPzCvcB7lEEXw==",
      "requires": {
        "commander": "2"
      },
      "dependencies": {
        "commander": {
          "version": "2.20.3",
          "resolved": "https://registry.npmjs.org/commander/-/commander-2.20.3.tgz",
          "integrity": "sha512-GpVkmM8vF2vQUkj2LvZmD35JxeJOLCwJ9cUkugyk2nuhbv3+mJvpLYYt+0+USMxE+oj+ey/lJEnhZw75x/OMcQ=="
        }
      }
    },
    "us-atlas": {
      "version": "3.0.0",
      "resolved": "https://registry.npmjs.org/us-atlas/-/us-atlas-3.0.0.tgz",
      "integrity": "sha512-cqvwK7Tdt8PZxhf5Nq5uenoHg/6cYWP3GFJocwDY01IszUC5HgwkODNKKXNWj1o24LFGK5ZgALqlcHK2R5EHwQ=="
    }
  }
}
